github.com/evanw/esbuild v0.12.9 h1:5AqZCmKyew2uWhbHAOnJJoxk7l2h05V+mTHyEBAQqbk=
github.com/evanw/esbuild v0.12.9/go.mod h1:y2AFBAGVelPqPodpdtxWWqe6n2jYf5FrsJbligmRmuw=
golang.org/x/sys v0.0.0-20200501145240-bc7a7d42d5c3/go.mod h1:h1NjWce9XRLGQEsW7wpKNCjG9DtNlClVuFLEZdDNbEs=
golang.org/x/sys v0.0.0-20210616094352-59db8d763f22 h1:RqytpXGR1iVNX7psjB3ff8y7sNFinVFvkx1c8SjBkio=
golang.org/x/sys v0.0.0-20210616094352-59db8d763f22/go.mod h1:oPkhp1MJrh7nUepCBck5+mAzfO9JrbApNNgaTdGDITg=
